
Microsoft Visual Studio Solution File, Format Version 12.00
# Visual Studio 15
VisualStudioVersion = 15.0.28307.421
MinimumVisualStudioVersion = 10.0.40219.1
Project("{FAE04EC0-301F-11D3-BF4B-00C04F79EFBC}") = "DataFlowDemo", "DataFlowDemo\DataFlowDemo.csproj", "{D0FE60E1-E841-4034-8FAF-A27B7AA395E5}"
EndProject
Global
	GlobalSection(SolutionConfigurationPlatforms) = preSolution
		Debug|Any CPU = Debug|Any CPU
		Release|Any CPU = Release|Any CPU
	EndGlobalSection
	GlobalSection(ProjectConfigurationPlatforms) = postSolution
		{D0FE60E1-E841-4034-8FAF-A27B7AA395E5}.Debug|Any CPU.ActiveCfg = Debug|Any CPU
		{D0FE60E1-E841-4034-8FAF-A27B7AA395E5}.Debug|Any CPU.Build.0 = Debug|Any CPU
		{D0FE60E1-E841-4034-8FAF-A27B7AA395E5}.Release|Any CPU.ActiveCfg = Release|Any CPU
		{D0FE60E1-E841-4034-8FAF-A27B7AA395E5}.Release|Any CPU.Build.0 = Release|Any CPU
	EndGlobalSection
	GlobalSection(SolutionProperties) = preSolution
		HideSolutionNode = FALSE
	EndGlobalSection
	GlobalSection(ExtensibilityGlobals) = postSolution
		SolutionGuid = {742EB576-BAE1-4734-9C88-9E48994013DF}
	EndGlobalSection
EndGlobal
